
Microsoft Visual Studio Solution File, Format Version 12.00
# Visual Studio Version 17
VisualStudioVersion = 17.10.34916.146
MinimumVisualStudioVersion = 10.0.40219.1
Project("{FAE04EC0-301F-11D3-BF4B-00C04F79EFBC}") = "VehicleApp", "VehicleApp\VehicleApp.csproj", "{1AB52EC6-BEBD-42A7-B33A-57EEF875009D}"
EndProject
Global
	GlobalSection(SolutionConfigurationPlatforms) = preSolution
		Debug|Any CPU = Debug|Any CPU
		Release|Any CPU = Release|Any CPU
	EndGlobalSection
	GlobalSection(ProjectConfigurationPlatforms) = postSolution
		{1AB52EC6-BEBD-42A7-B33A-57EEF875009D}.Debug|Any CPU.ActiveCfg = Debug|Any CPU
		{1AB52EC6-BEBD-42A7-B33A-57EEF875009D}.Debug|Any CPU.Build.0 = Debug|Any CPU
		{1AB52EC6-BEBD-42A7-B33A-57EEF875009D}.Release|Any CPU.ActiveCfg = Release|Any CPU
		{1AB52EC6-BEBD-42A7-B33A-57EEF875009D}.Release|Any CPU.Build.0 = Release|Any CPU
	EndGlobalSection
	GlobalSection(SolutionProperties) = preSolution
		HideSolutionNode = FALSE
	EndGlobalSection
	GlobalSection(ExtensibilityGlobals) = postSolution
		SolutionGuid = {33A0C799-3CAA-4AE4-992A-40B451CA160A}
	EndGlobalSection
EndGlobal
